
Microsoft Visual Studio Solution File, Format Version 12.00
# Visual Studio 15
VisualStudioVersion = 15.0.26124.0
MinimumVisualStudioVersion = 15.0.26124.0
Project("{2150E333-8FDC-42A3-9474-1A3956D46DE8}") = "src", "src", "{517E6F13-40B1-4F73-92B5-9F894197D481}"
EndProject
Project("{FAE04EC0-301F-11D3-BF4B-00C04F79EFBC}") = "CSharpWithVSCode.ConsoleApp", "src\CSharpWithVSCode.ConsoleApp\CSharpWithVSCode.ConsoleApp.csproj", "{25291C78-4147-4C73-AA7F-59F20EF385D6}"
EndProject
Project("{FAE04EC0-301F-11D3-BF4B-00C04F79EFBC}") = "CSharpWithVSCode.ClassLib", "src\CSharpWithVSCode.ClassLib\CSharpWithVSCode.ClassLib.csproj", "{4A2AAA44-C4EE-4C36-B0E0-38DC642427F2}"
EndProject
Project("{2150E333-8FDC-42A3-9474-1A3956D46DE8}") = "test", "test", "{2F8EFD2E-E25D-4006-AB86-AC18A8A445F2}"
EndProject
Project("{FAE04EC0-301F-11D3-BF4B-00C04F79EFBC}") = "CSharpWithVSCode.Tests", "test\CSharpWithVSCode.Tests\CSharpWithVSCode.Tests.csproj", "{D96E8DEC-A5BC-4BB5-BF0D-7C26BE254A22}"
EndProject
Global
	GlobalSection(SolutionConfigurationPlatforms) = preSolution
		Debug|Any CPU = Debug|Any CPU
		Debug|x64 = Debug|x64
		Debug|x86 = Debug|x86
		Release|Any CPU = Release|Any CPU
		Release|x64 = Release|x64
		Release|x86 = Release|x86
	EndGlobalSection
	GlobalSection(SolutionProperties) = preSolution
		HideSolutionNode = FALSE
	EndGlobalSection
	GlobalSection(ProjectConfigurationPlatforms) = postSolution
		{25291C78-4147-4C73-AA7F-59F20EF385D6}.Debug|Any CPU.ActiveCfg = Debug|Any CPU
		{25291C78-4147-4C73-AA7F-59F20EF385D6}.Debug|Any CPU.Build.0 = Debug|Any CPU
		{25291C78-4147-4C73-AA7F-59F20EF385D6}.Debug|x64.ActiveCfg = Debug|Any CPU
		{25291C78-4147-4C73-AA7F-59F20EF385D6}.Debug|x64.Build.0 = Debug|Any CPU
		{25291C78-4147-4C73-AA7F-59F20EF385D6}.Debug|x86.ActiveCfg = Debug|Any CPU
		{25291C78-4147-4C73-AA7F-59F20EF385D6}.Debug|x86.Build.0 = Debug|Any CPU
		{25291C78-4147-4C73-AA7F-59F20EF385D6}.Release|Any CPU.ActiveCfg = Release|Any CPU
		{25291C78-4147-4C73-AA7F-59F20EF385D6}.Release|Any CPU.Build.0 = Release|Any CPU
		{25291C78-4147-4C73-AA7F-59F20EF385D6}.Release|x64.ActiveCfg = Release|Any CPU
		{25291C78-4147-4C73-AA7F-59F20EF385D6}.Release|x64.Build.0 = Release|Any CPU
		{25291C78-4147-4C73-AA7F-59F20EF385D6}.Release|x86.ActiveCfg = Release|Any CPU
		{25291C78-4147-4C73-AA7F-59F20EF385D6}.Release|x86.Build.0 = Release|Any CPU
		{4A2AAA44-C4EE-4C36-B0E0-38DC642427F2}.Debug|Any CPU.ActiveCfg = Debug|Any CPU
		{4A2AAA44-C4EE-4C36-B0E0-38DC642427F2}.Debug|Any CPU.Build.0 = Debug|Any CPU
		{4A2AAA44-C4EE-4C36-B0E0-38DC642427F2}.Debug|x64.ActiveCfg = Debug|Any CPU
		{4A2AAA44-C4EE-4C36-B0E0-38DC642427F2}.Debug|x64.Build.0 = Debug|Any CPU
		{4A2AAA44-C4EE-4C36-B0E0-38DC642427F2}.Debug|x86.ActiveCfg = Debug|Any CPU
		{4A2AAA44-C4EE-4C36-B0E0-38DC642427F2}.Debug|x86.Build.0 = Debug|Any CPU
		{4A2AAA44-C4EE-4C36-B0E0-38DC642427F2}.Release|Any CPU.ActiveCfg = Release|Any CPU
		{4A2AAA44-C4EE-4C36-B0E0-38DC642427F2}.Release|Any CPU.Build.0 = Release|Any CPU
		{4A2AAA44-C4EE-4C36-B0E0-38DC642427F2}.Release|x64.ActiveCfg = Release|Any CPU
		{4A2AAA44-C4EE-4C36-B0E0-38DC642427F2}.Release|x64.Build.0 = Release|Any CPU
		{4A2AAA44-C4EE-4C36-B0E0-38DC642427F2}.Release|x86.ActiveCfg = Release|Any CPU
		{4A2AAA44-C4EE-4C36-B0E0-38DC642427F2}.Release|x86.Build.0 = Release|Any CPU
		{D96E8DEC-A5BC-4BB5-BF0D-7C26BE254A22}.Debug|Any CPU.ActiveCfg = Debug|Any CPU
		{D96E8DEC-A5BC-4BB5-BF0D-7C26BE254A22}.Debug|Any CPU.Build.0 = Debug|Any CPU
		{D96E8DEC-A5BC-4BB5-BF0D-7C26BE254A22}.Debug|x64.ActiveCfg = Debug|Any CPU
		{D96E8DEC-A5BC-4BB5-BF0D-7C26BE254A22}.Debug|x64.Build.0 = Debug|Any CPU
		{D96E8DEC-A5BC-4BB5-BF0D-7C26BE254A22}.Debug|x86.ActiveCfg = Debug|Any CPU
		{D96E8DEC-A5BC-4BB5-BF0D-7C26BE254A22}.Debug|x86.Build.0 = Debug|Any CPU
		{D96E8DEC-A5BC-4BB5-BF0D-7C26BE254A22}.Release|Any CPU.ActiveCfg = Release|Any CPU
		{D96E8DEC-A5BC-4BB5-BF0D-7C26BE254A22}.Release|Any CPU.Build.0 = Release|Any CPU
		{D96E8DEC-A5BC-4BB5-BF0D-7C26BE254A22}.Release|x64.ActiveCfg = Release|Any CPU
		{D96E8DEC-A5BC-4BB5-BF0D-7C26BE254A22}.Release|x64.Build.0 = Release|Any CPU
		{D96E8DEC-A5BC-4BB5-BF0D-7C26BE254A22}.Release|x86.ActiveCfg = Release|Any CPU
		{D96E8DEC-A5BC-4BB5-BF0D-7C26BE254A22}.Release|x86.Build.0 = Release|Any CPU
	EndGlobalSection
	GlobalSection(NestedProjects) = preSolution
		{25291C78-4147-4C73-AA7F-59F20EF385D6} = {517E6F13-40B1-4F73-92B5-9F894197D481}
		{4A2AAA44-C4EE-4C36-B0E0-38DC642427F2} = {517E6F13-40B1-4F73-92B5-9F894197D481}
		{D96E8DEC-A5BC-4BB5-BF0D-7C26BE254A22} = {2F8EFD2E-E25D-4006-AB86-AC18A8A445F2}
	EndGlobalSection
EndGlobal
